
Microsoft Visual Studio Solution File, Format Version 10.00
# Visual Studio 2008
Project("{FAE04EC0-301F-11D3-BF4B-00C04F79EFBC}") = "DBDiff", "DBDiff\DBDiff.csproj", "{99A26820-E71D-4E01-ADF2-E6AB25B03FA0}"
EndProject
Project("{FAE04EC0-301F-11D3-BF4B-00C04F79EFBC}") = "DBDiff.Schema", "DBDiff.Schema\DBDiff.Schema.csproj", "{406558A0-1B98-4D0E-B8B6-2013700B065A}"
EndProject
Project("{FAE04EC0-301F-11D3-BF4B-00C04F79EFBC}") = "DBDiff.Schema.SQLServer", "DBDiff.Schema.SQLServer2005\DBDiff.Schema.SQLServer.csproj", "{EF2F571E-A7AD-40BE-8500-50A039159FC1}"
EndProject
Project("{FAE04EC0-301F-11D3-BF4B-00C04F79EFBC}") = "DBDiff.Front", "DBDiff.Front\DBDiff.Front.csproj", "{E82CFC94-DE8C-4EDD-AA0C-F78ABAE03768}"
EndProject
Project("{FAE04EC0-301F-11D3-BF4B-00C04F79EFBC}") = "DBDiff.OCDB", "DBDiffCmd\DBDiff.OCDB.csproj", "{E794AA28-EE68-44BD-827B-1BFD9C106B65}"
EndProject
Project("{FAE04EC0-301F-11D3-BF4B-00C04F79EFBC}") = "DBDiff.ScintillaNET", "DBDiff.Scintilla NET-2.0\ScintillaNET\DBDiff.ScintillaNET.csproj", "{F9B6DABD-BBC1-4638-8CE6-A5C9506BFDCB}"
EndProject
Global
	GlobalSection(TeamFoundationVersionControl) = preSolution
		SccNumberOfProjects = 7
		SccEnterpriseProvider = {4CA58AB2-18FA-4F8D-95D4-32DDF27D184C}
		SccTeamFoundationServer = https://tfs.codeplex.com/tfs/TFS04
		SccLocalPath0 = .
		SccProjectUniqueName1 = DBDiff\\DBDiff.csproj
		SccProjectName1 = DBDiff
		SccLocalPath1 = DBDiff
		SccProjectUniqueName2 = DBDiff.Schema\\DBDiff.Schema.csproj
		SccProjectName2 = DBDiff.Schema
		SccLocalPath2 = DBDiff.Schema
		SccProjectUniqueName3 = DBDiff.Schema.SQLServer2005\\DBDiff.Schema.SQLServer.csproj
		SccProjectName3 = DBDiff.Schema.SQLServer2005
		SccLocalPath3 = DBDiff.Schema.SQLServer2005
		SccProjectUniqueName4 = DBDiff.Front\\DBDiff.Front.csproj
		SccProjectName4 = DBDiff.Front
		SccLocalPath4 = DBDiff.Front
		SccProjectUniqueName5 = DBDiffCmd\\DBDiff.OCDB.csproj
		SccProjectName5 = DBDiffCmd
		SccLocalPath5 = DBDiffCmd
		SccProjectUniqueName6 = DBDiff.Scintilla\u0020NET-2.0\\ScintillaNET\\DBDiff.ScintillaNET.csproj
		SccProjectName6 = DBDiff.Scintilla\u0020NET-2.0/ScintillaNET
		SccLocalPath6 = DBDiff.Scintilla\u0020NET-2.0\\ScintillaNET
	EndGlobalSection
	GlobalSection(SolutionConfigurationPlatforms) = preSolution
		Debug|Any CPU = Debug|Any CPU
		Release|Any CPU = Release|Any CPU
	EndGlobalSection
	GlobalSection(ProjectConfigurationPlatforms) = postSolution
		{99A26820-E71D-4E01-ADF2-E6AB25B03FA0}.Debug|Any CPU.ActiveCfg = Debug|Any CPU
		{99A26820-E71D-4E01-ADF2-E6AB25B03FA0}.Debug|Any CPU.Build.0 = Debug|Any CPU
		{99A26820-E71D-4E01-ADF2-E6AB25B03FA0}.Release|Any CPU.ActiveCfg = Release|Any CPU
		{99A26820-E71D-4E01-ADF2-E6AB25B03FA0}.Release|Any CPU.Build.0 = Release|Any CPU
		{406558A0-1B98-4D0E-B8B6-2013700B065A}.Debug|Any CPU.ActiveCfg = Debug|Any CPU
		{406558A0-1B98-4D0E-B8B6-2013700B065A}.Debug|Any CPU.Build.0 = Debug|Any CPU
		{406558A0-1B98-4D0E-B8B6-2013700B065A}.Release|Any CPU.ActiveCfg = Release|Any CPU
		{406558A0-1B98-4D0E-B8B6-2013700B065A}.Release|Any CPU.Build.0 = Release|Any CPU
		{EF2F571E-A7AD-40BE-8500-50A039159FC1}.Debug|Any CPU.ActiveCfg = Debug|Any CPU
		{EF2F571E-A7AD-40BE-8500-50A039159FC1}.Debug|Any CPU.Build.0 = Debug|Any CPU
		{EF2F571E-A7AD-40BE-8500-50A039159FC1}.Release|Any CPU.ActiveCfg = Release|Any CPU
		{EF2F571E-A7AD-40BE-8500-50A039159FC1}.Release|Any CPU.Build.0 = Release|Any CPU
		{E82CFC94-DE8C-4EDD-AA0C-F78ABAE03768}.Debug|Any CPU.ActiveCfg = Debug|Any CPU
		{E82CFC94-DE8C-4EDD-AA0C-F78ABAE03768}.Debug|Any CPU.Build.0 = Debug|Any CPU
		{E82CFC94-DE8C-4EDD-AA0C-F78ABAE03768}.Release|Any CPU.ActiveCfg = Release|Any CPU
		{E82CFC94-DE8C-4EDD-AA0C-F78ABAE03768}.Release|Any CPU.Build.0 = Release|Any CPU
		{E794AA28-EE68-44BD-827B-1BFD9C106B65}.Debug|Any CPU.ActiveCfg = Debug|Any CPU
		{E794AA28-EE68-44BD-827B-1BFD9C106B65}.Debug|Any CPU.Build.0 = Debug|Any CPU
		{E794AA28-EE68-44BD-827B-1BFD9C106B65}.Release|Any CPU.ActiveCfg = Release|Any CPU
		{E794AA28-EE68-44BD-827B-1BFD9C106B65}.Release|Any CPU.Build.0 = Release|Any CPU
		{F9B6DABD-BBC1-4638-8CE6-A5C9506BFDCB}.Debug|Any CPU.ActiveCfg = Debug|Any CPU
		{F9B6DABD-BBC1-4638-8CE6-A5C9506BFDCB}.Debug|Any CPU.Build.0 = Debug|Any CPU
		{F9B6DABD-BBC1-4638-8CE6-A5C9506BFDCB}.Release|Any CPU.ActiveCfg = Release|Any CPU
		{F9B6DABD-BBC1-4638-8CE6-A5C9506BFDCB}.Release|Any CPU.Build.0 = Release|Any CPU
	EndGlobalSection
	GlobalSection(SolutionProperties) = preSolution
		HideSolutionNode = FALSE
	EndGlobalSection
EndGlobal
