
Microsoft Visual Studio Solution File, Format Version 12.00
# Visual Studio 15
VisualStudioVersion = 15.0.27703.2047
MinimumVisualStudioVersion = 10.0.40219.1
Project("{2150E333-8FDC-42A3-9474-1A3956D46DE8}") = "Solution Items", "Solution Items", "{47B6971E-DCB0-4420-BEDF-96DAA161816E}"
	ProjectSection(SolutionItems) = preProject
		appveyor.yml = appveyor.yml
	EndProjectSection
EndProject
Project("{FAE04EC0-301F-11D3-BF4B-00C04F79EFBC}") = "OpenDBDiff.Schema.SQLServer", "OpenDBDiff.Schema.SQLServer2005\OpenDBDiff.Schema.SQLServer.csproj", "{EF2F571E-A7AD-40BE-8500-50A039159FC1}"
EndProject
Project("{FAE04EC0-301F-11D3-BF4B-00C04F79EFBC}") = "OpenDBDiff", "OpenDBDiff\OpenDBDiff.csproj", "{99A26820-E71D-4E01-ADF2-E6AB25B03FA0}"
EndProject
Project("{9A19103F-16F7-4668-BE54-9A1E7A4F7556}") = "OpenDBDiff.Schema", "OpenDBDiff.Schema\OpenDBDiff.Schema.csproj", "{7D32FFBF-C2B2-422F-8284-FC10952C4C4F}"
EndProject
Project("{9A19103F-16F7-4668-BE54-9A1E7A4F7556}") = "OpenDBDiff.Front", "OpenDBDiff.Front\OpenDBDiff.Front.csproj", "{538330EE-538F-45E6-B247-133DD9033556}"
EndProject
Project("{9A19103F-16F7-4668-BE54-9A1E7A4F7556}") = "OpenDBDiff.Schema.SQLServer.Generates", "OpenDBDiff.Schema.SQLServer.Generates\OpenDBDiff.Schema.SQLServer.Generates.csproj", "{F2B93221-27FA-405C-9835-8CC92A539308}"
EndProject
Project("{FAE04EC0-301F-11D3-BF4B-00C04F79EFBC}") = "OpenDBDiff.Schema.SQLServer.GeneratesTests", "OpenDBDiff.Schema.SQLServer.GeneratesTests\OpenDBDiff.Schema.SQLServer.GeneratesTests.csproj", "{94F5C91A-6268-41E9-A15E-FA5451BB2B6F}"
EndProject
Project("{9A19103F-16F7-4668-BE54-9A1E7A4F7556}") = "OpenDBDiff.OCDB", "OpenDBDiffCmd\OpenDBDiff.OCDB.csproj", "{FAFD8716-7A8A-4D94-8F65-AA4BA559EBC1}"
EndProject
Global
	GlobalSection(SolutionConfigurationPlatforms) = preSolution
		Debug|Any CPU = Debug|Any CPU
		Release|Any CPU = Release|Any CPU
	EndGlobalSection
	GlobalSection(ProjectConfigurationPlatforms) = postSolution
		{EF2F571E-A7AD-40BE-8500-50A039159FC1}.Debug|Any CPU.ActiveCfg = Debug|Any CPU
		{EF2F571E-A7AD-40BE-8500-50A039159FC1}.Debug|Any CPU.Build.0 = Debug|Any CPU
		{EF2F571E-A7AD-40BE-8500-50A039159FC1}.Release|Any CPU.ActiveCfg = Release|Any CPU
		{EF2F571E-A7AD-40BE-8500-50A039159FC1}.Release|Any CPU.Build.0 = Release|Any CPU
		{99A26820-E71D-4E01-ADF2-E6AB25B03FA0}.Debug|Any CPU.ActiveCfg = Debug|Any CPU
		{99A26820-E71D-4E01-ADF2-E6AB25B03FA0}.Debug|Any CPU.Build.0 = Debug|Any CPU
		{99A26820-E71D-4E01-ADF2-E6AB25B03FA0}.Release|Any CPU.ActiveCfg = Release|Any CPU
		{99A26820-E71D-4E01-ADF2-E6AB25B03FA0}.Release|Any CPU.Build.0 = Release|Any CPU
		{7D32FFBF-C2B2-422F-8284-FC10952C4C4F}.Debug|Any CPU.ActiveCfg = Debug|Any CPU
		{7D32FFBF-C2B2-422F-8284-FC10952C4C4F}.Debug|Any CPU.Build.0 = Debug|Any CPU
		{7D32FFBF-C2B2-422F-8284-FC10952C4C4F}.Release|Any CPU.ActiveCfg = Release|Any CPU
		{7D32FFBF-C2B2-422F-8284-FC10952C4C4F}.Release|Any CPU.Build.0 = Release|Any CPU
		{538330EE-538F-45E6-B247-133DD9033556}.Debug|Any CPU.ActiveCfg = Debug|Any CPU
		{538330EE-538F-45E6-B247-133DD9033556}.Debug|Any CPU.Build.0 = Debug|Any CPU
		{538330EE-538F-45E6-B247-133DD9033556}.Release|Any CPU.ActiveCfg = Release|Any CPU
		{538330EE-538F-45E6-B247-133DD9033556}.Release|Any CPU.Build.0 = Release|Any CPU
		{F2B93221-27FA-405C-9835-8CC92A539308}.Debug|Any CPU.ActiveCfg = Debug|Any CPU
		{F2B93221-27FA-405C-9835-8CC92A539308}.Debug|Any CPU.Build.0 = Debug|Any CPU
		{F2B93221-27FA-405C-9835-8CC92A539308}.Release|Any CPU.ActiveCfg = Release|Any CPU
		{F2B93221-27FA-405C-9835-8CC92A539308}.Release|Any CPU.Build.0 = Release|Any CPU
		{94F5C91A-6268-41E9-A15E-FA5451BB2B6F}.Debug|Any CPU.ActiveCfg = Debug|Any CPU
		{94F5C91A-6268-41E9-A15E-FA5451BB2B6F}.Debug|Any CPU.Build.0 = Debug|Any CPU
		{94F5C91A-6268-41E9-A15E-FA5451BB2B6F}.Release|Any CPU.ActiveCfg = Release|Any CPU
		{94F5C91A-6268-41E9-A15E-FA5451BB2B6F}.Release|Any CPU.Build.0 = Release|Any CPU
		{FAFD8716-7A8A-4D94-8F65-AA4BA559EBC1}.Debug|Any CPU.ActiveCfg = Debug|Any CPU
		{FAFD8716-7A8A-4D94-8F65-AA4BA559EBC1}.Debug|Any CPU.Build.0 = Debug|Any CPU
		{FAFD8716-7A8A-4D94-8F65-AA4BA559EBC1}.Release|Any CPU.ActiveCfg = Release|Any CPU
		{FAFD8716-7A8A-4D94-8F65-AA4BA559EBC1}.Release|Any CPU.Build.0 = Release|Any CPU
	EndGlobalSection
	GlobalSection(SolutionProperties) = preSolution
		HideSolutionNode = FALSE
	EndGlobalSection
	GlobalSection(ExtensibilityGlobals) = postSolution
		SolutionGuid = {B4F3108D-475D-430B-A84F-718DC6C0AE62}
	EndGlobalSection
EndGlobal
