
Microsoft Visual Studio Solution File, Format Version 12.00
# Visual Studio Version 17
VisualStudioVersion = 17.3.32901.215
MinimumVisualStudioVersion = 10.0.40219.1
Project("{FAE04EC0-301F-11D3-BF4B-00C04F79EFBC}") = "OpenDBDiff", "OpenDBDiff\OpenDBDiff.csproj", "{99A26820-E71D-4E01-ADF2-E6AB25B03FA0}"
EndProject
Project("{FAE04EC0-301F-11D3-BF4B-00C04F79EFBC}") = "OpenDBDiff.Abstractions.Schema", "OpenDBDiff.Abstractions.Schema\OpenDBDiff.Abstractions.Schema.csproj", "{406558A0-1B98-4D0E-B8B6-2013700B065A}"
EndProject
Project("{FAE04EC0-301F-11D3-BF4B-00C04F79EFBC}") = "OpenDBDiff.SqlServer.Ui", "OpenDBDiff.SqlServer.Ui\OpenDBDiff.SqlServer.Ui.csproj", "{EF2F571E-A7AD-40BE-8500-50A039159FC1}"
EndProject
Project("{FAE04EC0-301F-11D3-BF4B-00C04F79EFBC}") = "OpenDBDiff.Abstractions.Ui", "OpenDBDiff.Abstractions.Ui\OpenDBDiff.Abstractions.Ui.csproj", "{E82CFC94-DE8C-4EDD-AA0C-F78ABAE03768}"
EndProject
Project("{FAE04EC0-301F-11D3-BF4B-00C04F79EFBC}") = "OpenDBDiff.CLI", "OpenDBDiff.CLI\OpenDBDiff.CLI.csproj", "{E794AA28-EE68-44BD-827B-1BFD9C106B65}"
EndProject
Project("{FAE04EC0-301F-11D3-BF4B-00C04F79EFBC}") = "OpenDBDiff.SqlServer.Schema", "OpenDBDiff.SqlServer.Schema\OpenDBDiff.SqlServer.Schema.csproj", "{32AC9AF6-DB93-4354-B69F-6DBC65C70867}"
EndProject
Project("{FAE04EC0-301F-11D3-BF4B-00C04F79EFBC}") = "OpenDBDiff.Tests", "OpenDBDiff.Tests\OpenDBDiff.Tests.csproj", "{94F5C91A-6268-41E9-A15E-FA5451BB2B6F}"
EndProject
Global
	GlobalSection(SolutionConfigurationPlatforms) = preSolution
		Debug|Any CPU = Debug|Any CPU
		Release|Any CPU = Release|Any CPU
	EndGlobalSection
	GlobalSection(ProjectConfigurationPlatforms) = postSolution
		{99A26820-E71D-4E01-ADF2-E6AB25B03FA0}.Debug|Any CPU.ActiveCfg = Debug|Any CPU
		{99A26820-E71D-4E01-ADF2-E6AB25B03FA0}.Debug|Any CPU.Build.0 = Debug|Any CPU
		{99A26820-E71D-4E01-ADF2-E6AB25B03FA0}.Release|Any CPU.ActiveCfg = Release|Any CPU
		{99A26820-E71D-4E01-ADF2-E6AB25B03FA0}.Release|Any CPU.Build.0 = Release|Any CPU
		{406558A0-1B98-4D0E-B8B6-2013700B065A}.Debug|Any CPU.ActiveCfg = Debug|Any CPU
		{406558A0-1B98-4D0E-B8B6-2013700B065A}.Debug|Any CPU.Build.0 = Debug|Any CPU
		{406558A0-1B98-4D0E-B8B6-2013700B065A}.Release|Any CPU.ActiveCfg = Release|Any CPU
		{406558A0-1B98-4D0E-B8B6-2013700B065A}.Release|Any CPU.Build.0 = Release|Any CPU
		{EF2F571E-A7AD-40BE-8500-50A039159FC1}.Debug|Any CPU.ActiveCfg = Debug|Any CPU
		{EF2F571E-A7AD-40BE-8500-50A039159FC1}.Debug|Any CPU.Build.0 = Debug|Any CPU
		{EF2F571E-A7AD-40BE-8500-50A039159FC1}.Release|Any CPU.ActiveCfg = Release|Any CPU
		{EF2F571E-A7AD-40BE-8500-50A039159FC1}.Release|Any CPU.Build.0 = Release|Any CPU
		{E82CFC94-DE8C-4EDD-AA0C-F78ABAE03768}.Debug|Any CPU.ActiveCfg = Debug|Any CPU
		{E82CFC94-DE8C-4EDD-AA0C-F78ABAE03768}.Debug|Any CPU.Build.0 = Debug|Any CPU
		{E82CFC94-DE8C-4EDD-AA0C-F78ABAE03768}.Release|Any CPU.ActiveCfg = Release|Any CPU
		{E82CFC94-DE8C-4EDD-AA0C-F78ABAE03768}.Release|Any CPU.Build.0 = Release|Any CPU
		{E794AA28-EE68-44BD-827B-1BFD9C106B65}.Debug|Any CPU.ActiveCfg = Debug|Any CPU
		{E794AA28-EE68-44BD-827B-1BFD9C106B65}.Debug|Any CPU.Build.0 = Debug|Any CPU
		{E794AA28-EE68-44BD-827B-1BFD9C106B65}.Release|Any CPU.ActiveCfg = Release|Any CPU
		{E794AA28-EE68-44BD-827B-1BFD9C106B65}.Release|Any CPU.Build.0 = Release|Any CPU
		{32AC9AF6-DB93-4354-B69F-6DBC65C70867}.Debug|Any CPU.ActiveCfg = Debug|Any CPU
		{32AC9AF6-DB93-4354-B69F-6DBC65C70867}.Debug|Any CPU.Build.0 = Debug|Any CPU
		{32AC9AF6-DB93-4354-B69F-6DBC65C70867}.Release|Any CPU.ActiveCfg = Release|Any CPU
		{32AC9AF6-DB93-4354-B69F-6DBC65C70867}.Release|Any CPU.Build.0 = Release|Any CPU
		{94F5C91A-6268-41E9-A15E-FA5451BB2B6F}.Debug|Any CPU.ActiveCfg = Debug|Any CPU
		{94F5C91A-6268-41E9-A15E-FA5451BB2B6F}.Debug|Any CPU.Build.0 = Debug|Any CPU
		{94F5C91A-6268-41E9-A15E-FA5451BB2B6F}.Release|Any CPU.ActiveCfg = Release|Any CPU
		{94F5C91A-6268-41E9-A15E-FA5451BB2B6F}.Release|Any CPU.Build.0 = Release|Any CPU
	EndGlobalSection
	GlobalSection(SolutionProperties) = preSolution
		HideSolutionNode = FALSE
	EndGlobalSection
	GlobalSection(ExtensibilityGlobals) = postSolution
		SolutionGuid = {6DFCC0C2-A374-45F6-AEBA-CBB06B891E3D}
	EndGlobalSection
EndGlobal
